# This file is automatically @generated by Poetry 1.8.3 and should not be changed by hand.

[[package]]
name = "async-timeout"
version = "4.0.3"
description = "Timeout context manager for asyncio programs"
optional = false
python-versions = ">=3.7"
files = [
    { file = "async-timeout-4.0.3.tar.gz", hash = "sha256:4640d96be84d82d02ed59ea2b7105a0f7b33abe8703703cd0ab0bf87c427522f" },
    { file = "async_timeout-4.0.3-py3-none-any.whl", hash = "sha256:7405140ff1230c310e51dc27b3145b9092d659ce68ff733fb0cefe3ee42be028" },
]

[[package]]
name = "certifi"
version = "2024.7.4"
description = "Python package for providing Mozilla's CA Bundle."
optional = false
python-versions = ">=3.6"
files = [
    { file = "certifi-2024.7.4-py3-none-any.whl", hash = "sha256:c198e21b1289c2ab85ee4e67bb4b4ef3ead0892059901a8d5b622f24a1101e90" },
    { file = "certifi-2024.7.4.tar.gz", hash = "sha256:5a1e7645bc0ec61a09e26c36f6106dd4cf40c6db3a1fb6352b0244e7fb057c7b" },
]

[[package]]
name = "elastic-transport"
version = "8.13.1"
description = "Transport classes and utilities shared among Python Elastic client libraries"
optional = false
python-versions = ">=3.7"
files = [
    { file = "elastic_transport-8.13.1-py3-none-any.whl", hash = "sha256:5d4bb6b8e9d74a9c16de274e91a5caf65a3a8d12876f1e99152975e15b2746fe" },
    { file = "elastic_transport-8.13.1.tar.gz", hash = "sha256:16339d392b4bbe86ad00b4bdeecff10edf516d32bc6c16053846625f2c6ea250" },
]

[package.dependencies]
certifi = "*"
urllib3 = ">=1.26.2,<3"

[package.extras]
develop = ["aiohttp", "furo", "httpx", "mock", "opentelemetry-api", "opentelemetry-sdk", "orjson", "pytest", "pytest-asyncio", "pytest-cov", "pytest-httpserver", "pytest-mock", "requests", "respx", "sphinx (>2)", "sphinx-autodoc-typehints", "trustme"]

[[package]]
name = "elasticsearch"
version = "8.14.0"
description = "Python client for Elasticsearch"
optional = false
python-versions = ">=3.7"
files = [
    { file = "elasticsearch-8.14.0-py3-none-any.whl", hash = "sha256:cef8ef70a81af027f3da74a4f7d9296b390c636903088439087b8262a468c130" },
    { file = "elasticsearch-8.14.0.tar.gz", hash = "sha256:aa2490029dd96f4015b333c1827aa21fd6c0a4d223b00dfb0fe933b8d09a511b" },
]

[package.dependencies]
elastic-transport = ">=8.13,<9"

[package.extras]
async = ["aiohttp (>=3,<4)"]
orjson = ["orjson (>=3)"]
requests = ["requests (>=2.4.0,!=2.32.2,<3.0.0)"]
vectorstore-mmr = ["numpy (>=1)", "simsimd (>=3)"]

[[package]]
name = "psycopg"
version = "3.2.1"
description = "PostgreSQL database adapter for Python"
optional = false
python-versions = ">=3.8"
files = [
    { file = "psycopg-3.2.1-py3-none-any.whl", hash = "sha256:ece385fb413a37db332f97c49208b36cf030ff02b199d7635ed2fbd378724175" },
    { file = "psycopg-3.2.1.tar.gz", hash = "sha256:dc8da6dc8729dacacda3cc2f17d2c9397a70a66cf0d2b69c91065d60d5f00cb7" },
]

[package.dependencies]
psycopg-binary = { version = "3.2.1", optional = true, markers = "implementation_name != \"pypy\" and extra == \"binary\"" }
typing-extensions = ">=4.4"
tzdata = { version = "*", markers = "sys_platform == \"win32\"" }

[package.extras]
binary = ["psycopg-binary (==3.2.1)"]
c = ["psycopg-c (==3.2.1)"]
dev = ["ast-comments (>=1.1.2)", "black (>=24.1.0)", "codespell (>=2.2)", "dnspython (>=2.1)", "flake8 (>=4.0)", "mypy (>=1.6)", "types-setuptools (>=57.4)", "wheel (>=0.37)"]
docs = ["Sphinx (>=5.0)", "furo (==2022.6.21)", "sphinx-autobuild (>=2021.3.14)", "sphinx-autodoc-typehints (>=1.12)"]
pool = ["psycopg-pool"]
test = ["anyio (>=4.0)", "mypy (>=1.6)", "pproxy (>=2.7)", "pytest (>=6.2.5)", "pytest-cov (>=3.0)", "pytest-randomly (>=3.5)"]

[[package]]
name = "psycopg-binary"
version = "3.2.1"
description = "PostgreSQL database adapter for Python -- C optimisation distribution"
optional = false
python-versions = ">=3.8"
files = [
    { file = "psycopg_binary-3.2.1-cp310-cp310-macosx_12_0_x86_64.whl", hash = "sha256:cad2de17804c4cfee8640ae2b279d616bb9e4734ac3c17c13db5e40982bd710d" },
    { file = "psycopg_binary-3.2.1-cp310-cp310-macosx_14_0_arm64.whl", hash = "sha256:592b27d6c46a40f9eeaaeea7c1fef6f3c60b02c634365eb649b2d880669f149f" },
    { file = "psycopg_binary-3.2.1-cp310-cp310-manylinux_2_17_aarch64.manylinux2014_aarch64.whl", hash = "sha256:9a997efbaadb5e1a294fb5760e2f5643d7b8e4e3fe6cb6f09e6d605fd28e0291" },
    { file = "psycopg_binary-3.2.1-cp310-cp310-manylinux_2_17_i686.manylinux2014_i686.whl", hash = "sha256:c1d2b6438fb83376f43ebb798bf0ad5e57bc56c03c9c29c85bc15405c8c0ac5a" },
    { file = "psycopg_binary-3.2.1-cp310-cp310-manylinux_2_17_ppc64le.manylinux2014_ppc64le.whl", hash = "sha256:b1f087bd84bdcac78bf9f024ebdbfacd07fc0a23ec8191448a50679e2ac4a19e" },
    { file = "psycopg_binary-3.2.1-cp310-cp310-manylinux_2_17_x86_64.manylinux2014_x86_64.whl", hash = "sha256:415c3b72ea32119163255c6504085f374e47ae7345f14bc3f0ef1f6e0976a879" },
    { file = "psycopg_binary-3.2.1-cp310-cp310-musllinux_1_2_aarch64.whl", hash = "sha256:f092114f10f81fb6bae544a0ec027eb720e2d9c74a4fcdaa9dd3899873136935" },
    { file = "psycopg_binary-3.2.1-cp310-cp310-musllinux_1_2_i686.whl", hash = "sha256:06a7aae34edfe179ddc04da005e083ff6c6b0020000399a2cbf0a7121a8a22ea" },
    { file = "psycopg_binary-3.2.1-cp310-cp310-musllinux_1_2_ppc64le.whl", hash = "sha256:0b018631e5c80ce9bc210b71ea885932f9cca6db131e4df505653d7e3873a938" },
    { file = "psycopg_binary-3.2.1-cp310-cp310-musllinux_1_2_x86_64.whl", hash = "sha256:f8a509aeaac364fa965454e80cd110fe6d48ba2c80f56c9b8563423f0b5c3cfd" },
    { file = "psycopg_binary-3.2.1-cp310-cp310-win_amd64.whl", hash = "sha256:413977d18412ff83486eeb5875eb00b185a9391c57febac45b8993bf9c0ff489" },
    { file = "psycopg_binary-3.2.1-cp311-cp311-macosx_12_0_x86_64.whl", hash = "sha256:62b1b7b07e00ee490afb39c0a47d8282a9c2822c7cfed9553a04b0058adf7e7f" },
    { file = "psycopg_binary-3.2.1-cp311-cp311-macosx_14_0_arm64.whl", hash = "sha256:f8afb07114ea9b924a4a0305ceb15354ccf0ef3c0e14d54b8dbeb03e50182dd7" },
    { file = "psycopg_binary-3.2.1-cp311-cp311-manylinux_2_17_aarch64.manylinux2014_aarch64.whl", hash = "sha256:40bb515d042f6a345714ec0403df68ccf13f73b05e567837d80c886c7c9d3805" },
    { file = "psycopg_binary-3.2.1-cp311-cp311-manylinux_2_17_i686.manylinux2014_i686.whl", hash = "sha256:6418712ba63cebb0c88c050b3997185b0ef54173b36568522d5634ac06153040" },
    { file = "psycopg_binary-3.2.1-cp311-cp311-manylinux_2_17_ppc64le.manylinux2014_ppc64le.whl", hash = "sha256:101472468d59c74bb8565fab603e032803fd533d16be4b2d13da1bab8deb32a3" },
    { file = "psycopg_binary-3.2.1-cp311-cp311-manylinux_2_17_x86_64.manylinux2014_x86_64.whl", hash = "sha256:aa3931f308ab4a479d0ee22dc04bea867a6365cac0172e5ddcba359da043854b" },
    { file = "psycopg_binary-3.2.1-cp311-cp311-musllinux_1_2_aarch64.whl", hash = "sha256:dc314a47d44fe1a8069b075a64abffad347a3a1d8652fed1bab5d3baea37acb2" },
    { file = "psycopg_binary-3.2.1-cp311-cp311-musllinux_1_2_i686.whl", hash = "sha256:cc304a46be1e291031148d9d95c12451ffe783ff0cc72f18e2cc7ec43cdb8c68" },
    { file = "psycopg_binary-3.2.1-cp311-cp311-musllinux_1_2_ppc64le.whl", hash = "sha256:6f9e13600647087df5928875559f0eb8f496f53e6278b7da9511b4b3d0aff960" },
    { file = "psycopg_binary-3.2.1-cp311-cp311-musllinux_1_2_x86_64.whl", hash = "sha256:b140182830c76c74d17eba27df3755a46442ce8d4fb299e7f1cf2f74a87c877b" },
    { file = "psycopg_binary-3.2.1-cp311-cp311-win_amd64.whl", hash = "sha256:3c838806eeb99af39f934b7999e35f947a8e577997cc892c12b5053a97a9057f" },
    { file = "psycopg_binary-3.2.1-cp312-cp312-macosx_12_0_x86_64.whl", hash = "sha256:7066d3dca196ed0dc6172f9777b2d62e4f138705886be656cccff2d555234d60" },
    { file = "psycopg_binary-3.2.1-cp312-cp312-macosx_14_0_arm64.whl", hash = "sha256:28ada5f610468c57d8a4a055a8ea915d0085a43d794266c4f3b9d02f4288f4db" },
    { file = "psycopg_binary-3.2.1-cp312-cp312-manylinux_2_17_aarch64.manylinux2014_aarch64.whl", hash = "sha256:2e8213bf50af073b1aa8dc3cff123bfeedac86332a16c1b7274910bc88a847c7" },
    { file = "psycopg_binary-3.2.1-cp312-cp312-manylinux_2_17_i686.manylinux2014_i686.whl", hash = "sha256:74d623261655a169bc84a9669890975c229f2fa6e19a7f2d10a77675dcf1a707" },
    { file = "psycopg_binary-3.2.1-cp312-cp312-manylinux_2_17_ppc64le.manylinux2014_ppc64le.whl", hash = "sha256:42781ba94e8842ee98bca5a7d0c44cc9d067500fedca2d6a90fa3609b6d16b42" },
    { file = "psycopg_binary-3.2.1-cp312-cp312-manylinux_2_17_x86_64.manylinux2014_x86_64.whl", hash = "sha256:33e6669091d09f8ba36e10ce678a6d9916e110446236a9b92346464a3565635e" },
    { file = "psycopg_binary-3.2.1-cp312-cp312-musllinux_1_2_aarch64.whl", hash = "sha256:b09e8a576a2ac69d695032ee76f31e03b30781828b5dd6d18c6a009e5a3d1c35" },
    { file = "psycopg_binary-3.2.1-cp312-cp312-musllinux_1_2_i686.whl", hash = "sha256:8f28ff0cb9f1defdc4a6f8c958bf6787274247e7dfeca811f6e2f56602695fb1" },
    { file = "psycopg_binary-3.2.1-cp312-cp312-musllinux_1_2_ppc64le.whl", hash = "sha256:4c84fcac8a3a3479ac14673095cc4e1fdba2935499f72c436785ac679bec0d1a" },
    { file = "psycopg_binary-3.2.1-cp312-cp312-musllinux_1_2_x86_64.whl", hash = "sha256:950fd666ec9e9fe6a8eeb2b5a8f17301790e518953730ad44d715b59ffdbc67f" },
    { file = "psycopg_binary-3.2.1-cp312-cp312-win_amd64.whl", hash = "sha256:334046a937bb086c36e2c6889fe327f9f29bfc085d678f70fac0b0618949f674" },
    { file = "psycopg_binary-3.2.1-cp38-cp38-macosx_12_0_x86_64.whl", hash = "sha256:1d6833f607f3fc7b22226a9e121235d3b84c0eda1d3caab174673ef698f63788" },
    { file = "psycopg_binary-3.2.1-cp38-cp38-manylinux_2_17_aarch64.manylinux2014_aarch64.whl", hash = "sha256:1d353e028b8f848b9784450fc2abf149d53a738d451eab3ee4c85703438128b9" },
    { file = "psycopg_binary-3.2.1-cp38-cp38-manylinux_2_17_i686.manylinux2014_i686.whl", hash = "sha256:f34e369891f77d0738e5d25727c307d06d5344948771e5379ea29c76c6d84555" },
    { file = "psycopg_binary-3.2.1-cp38-cp38-manylinux_2_17_ppc64le.manylinux2014_ppc64le.whl", hash = "sha256:0ab58213cc976a1666f66bc1cb2e602315cd753b7981a8e17237ac2a185bd4a1" },
    { file = "psycopg_binary-3.2.1-cp38-cp38-manylinux_2_17_x86_64.manylinux2014_x86_64.whl", hash = "sha256:b0104a72a17aa84b3b7dcab6c84826c595355bf54bb6ea6d284dcb06d99c6801" },
    { file = "psycopg_binary-3.2.1-cp38-cp38-musllinux_1_2_aarch64.whl", hash = "sha256:059cbd4e6da2337e17707178fe49464ed01de867dc86c677b30751755ec1dc51" },
    { file = "psycopg_binary-3.2.1-cp38-cp38-musllinux_1_2_i686.whl", hash = "sha256:73f9c9b984be9c322b5ec1515b12df1ee5896029f5e72d46160eb6517438659c" },
    { file = "psycopg_binary-3.2.1-cp38-cp38-musllinux_1_2_ppc64le.whl", hash = "sha256:af0469c00f24c4bec18c3d2ede124bf62688d88d1b8a5f3c3edc2f61046fe0d7" },
    { file = "psycopg_binary-3.2.1-cp38-cp38-musllinux_1_2_x86_64.whl", hash = "sha256:463d55345f73ff391df8177a185ad57b552915ad33f5cc2b31b930500c068b22" },
    { file = "psycopg_binary-3.2.1-cp38-cp38-win_amd64.whl", hash = "sha256:302b86f92c0d76e99fe1b5c22c492ae519ce8b98b88d37ef74fda4c9e24c6b46" },
    { file = "psycopg_binary-3.2.1-cp39-cp39-macosx_12_0_x86_64.whl", hash = "sha256:0879b5d76b7d48678d31278242aaf951bc2d69ca4e4d7cef117e4bbf7bfefda9" },
    { file = "psycopg_binary-3.2.1-cp39-cp39-manylinux_2_17_aarch64.manylinux2014_aarch64.whl", hash = "sha256:f99e59f8a5f4dcd9cbdec445f3d8ac950a492fc0e211032384d6992ed3c17eb7" },
    { file = "psycopg_binary-3.2.1-cp39-cp39-manylinux_2_17_i686.manylinux2014_i686.whl", hash = "sha256:84837e99353d16c6980603b362d0f03302d4b06c71672a6651f38df8a482923d" },
    { file = "psycopg_binary-3.2.1-cp39-cp39-manylinux_2_17_ppc64le.manylinux2014_ppc64le.whl", hash = "sha256:7ce965caf618061817f66c0906f0452aef966c293ae0933d4fa5a16ea6eaf5bb" },
    { file = "psycopg_binary-3.2.1-cp39-cp39-manylinux_2_17_x86_64.manylinux2014_x86_64.whl", hash = "sha256:78c2007caf3c90f08685c5378e3ceb142bafd5636be7495f7d86ec8a977eaeef" },
    { file = "psycopg_binary-3.2.1-cp39-cp39-musllinux_1_2_aarch64.whl", hash = "sha256:7a84b5eb194a258116154b2a4ff2962ea60ea52de089508db23a51d3d6b1c7d1" },
    { file = "psycopg_binary-3.2.1-cp39-cp39-musllinux_1_2_i686.whl", hash = "sha256:4a42b8f9ab39affcd5249b45cac763ac3cf12df962b67e23fd15a2ee2932afe5" },
    { file = "psycopg_binary-3.2.1-cp39-cp39-musllinux_1_2_ppc64le.whl", hash = "sha256:788ffc43d7517c13e624c83e0e553b7b8823c9655e18296566d36a829bfb373f" },
    { file = "psycopg_binary-3.2.1-cp39-cp39-musllinux_1_2_x86_64.whl", hash = "sha256:21927f41c4d722ae8eb30d62a6ce732c398eac230509af5ba1749a337f8a63e2" },
    { file = "psycopg_binary-3.2.1-cp39-cp39-win_amd64.whl", hash = "sha256:921f0c7f39590763d64a619de84d1b142587acc70fd11cbb5ba8fa39786f3073" },
]

[[package]]
name = "pydantic"
version = "1.10.2"
description = "Data validation and settings management using python type hints"
optional = false
python-versions = ">=3.7"
files = [
    { file = "pydantic-1.10.2-cp310-cp310-macosx_10_9_x86_64.whl", hash = "sha256:bb6ad4489af1bac6955d38ebcb95079a836af31e4c4f74aba1ca05bb9f6027bd" },
    { file = "pydantic-1.10.2-cp310-cp310-macosx_11_0_arm64.whl", hash = "sha256:a1f5a63a6dfe19d719b1b6e6106561869d2efaca6167f84f5ab9347887d78b98" },
    { file = "pydantic-1.10.2-cp310-cp310-manylinux_2_17_x86_64.manylinux2014_x86_64.whl", hash = "sha256:352aedb1d71b8b0736c6d56ad2bd34c6982720644b0624462059ab29bd6e5912" },
    { file = "pydantic-1.10.2-cp310-cp310-manylinux_2_5_i686.manylinux1_i686.manylinux_2_17_i686.manylinux2014_i686.whl", hash = "sha256:19b3b9ccf97af2b7519c42032441a891a5e05c68368f40865a90eb88833c2559" },
    { file = "pydantic-1.10.2-cp310-cp310-musllinux_1_1_i686.whl", hash = "sha256:e9069e1b01525a96e6ff49e25876d90d5a563bc31c658289a8772ae186552236" },
    { file = "pydantic-1.10.2-cp310-cp310-musllinux_1_1_x86_64.whl", hash = "sha256:355639d9afc76bcb9b0c3000ddcd08472ae75318a6eb67a15866b87e2efa168c" },
    { file = "pydantic-1.10.2-cp310-cp310-win_amd64.whl", hash = "sha256:ae544c47bec47a86bc7d350f965d8b15540e27e5aa4f55170ac6a75e5f73b644" },
    { file = "pydantic-1.10.2-cp311-cp311-macosx_10_9_x86_64.whl", hash = "sha256:a4c805731c33a8db4b6ace45ce440c4ef5336e712508b4d9e1aafa617dc9907f" },
    { file = "pydantic-1.10.2-cp311-cp311-macosx_11_0_arm64.whl", hash = "sha256:d49f3db871575e0426b12e2f32fdb25e579dea16486a26e5a0474af87cb1ab0a" },
    { file = "pydantic-1.10.2-cp311-cp311-manylinux_2_17_x86_64.manylinux2014_x86_64.whl", hash = "sha256:37c90345ec7dd2f1bcef82ce49b6235b40f282b94d3eec47e801baf864d15525" },
    { file = "pydantic-1.10.2-cp311-cp311-manylinux_2_5_i686.manylinux1_i686.manylinux_2_17_i686.manylinux2014_i686.whl", hash = "sha256:7b5ba54d026c2bd2cb769d3468885f23f43710f651688e91f5fb1edcf0ee9283" },
    { file = "pydantic-1.10.2-cp311-cp311-musllinux_1_1_i686.whl", hash = "sha256:05e00dbebbe810b33c7a7362f231893183bcc4251f3f2ff991c31d5c08240c42" },
    { file = "pydantic-1.10.2-cp311-cp311-musllinux_1_1_x86_64.whl", hash = "sha256:2d0567e60eb01bccda3a4df01df677adf6b437958d35c12a3ac3e0f078b0ee52" },
    { file = "pydantic-1.10.2-cp311-cp311-win_amd64.whl", hash = "sha256:c6f981882aea41e021f72779ce2a4e87267458cc4d39ea990729e21ef18f0f8c" },
    { file = "pydantic-1.10.2-cp37-cp37m-macosx_10_9_x86_64.whl", hash = "sha256:c4aac8e7103bf598373208f6299fa9a5cfd1fc571f2d40bf1dd1955a63d6eeb5" },
    { file = "pydantic-1.10.2-cp37-cp37m-manylinux_2_17_x86_64.manylinux2014_x86_64.whl", hash = "sha256:81a7b66c3f499108b448f3f004801fcd7d7165fb4200acb03f1c2402da73ce4c" },
    { file = "pydantic-1.10.2-cp37-cp37m-manylinux_2_5_i686.manylinux1_i686.manylinux_2_17_i686.manylinux2014_i686.whl", hash = "sha256:bedf309630209e78582ffacda64a21f96f3ed2e51fbf3962d4d488e503420254" },
    { file = "pydantic-1.10.2-cp37-cp37m-musllinux_1_1_i686.whl", hash = "sha256:9300fcbebf85f6339a02c6994b2eb3ff1b9c8c14f502058b5bf349d42447dcf5" },
    { file = "pydantic-1.10.2-cp37-cp37m-musllinux_1_1_x86_64.whl", hash = "sha256:216f3bcbf19c726b1cc22b099dd409aa371f55c08800bcea4c44c8f74b73478d" },
    { file = "pydantic-1.10.2-cp37-cp37m-win_amd64.whl", hash = "sha256:dd3f9a40c16daf323cf913593083698caee97df2804aa36c4b3175d5ac1b92a2" },
    { file = "pydantic-1.10.2-cp38-cp38-macosx_10_9_x86_64.whl", hash = "sha256:b97890e56a694486f772d36efd2ba31612739bc6f3caeee50e9e7e3ebd2fdd13" },
    { file = "pydantic-1.10.2-cp38-cp38-macosx_11_0_arm64.whl", hash = "sha256:9cabf4a7f05a776e7793e72793cd92cc865ea0e83a819f9ae4ecccb1b8aa6116" },
    { file = "pydantic-1.10.2-cp38-cp38-manylinux_2_17_x86_64.manylinux2014_x86_64.whl", hash = "sha256:06094d18dd5e6f2bbf93efa54991c3240964bb663b87729ac340eb5014310624" },
    { file = "pydantic-1.10.2-cp38-cp38-manylinux_2_5_i686.manylinux1_i686.manylinux_2_17_i686.manylinux2014_i686.whl", hash = "sha256:cc78cc83110d2f275ec1970e7a831f4e371ee92405332ebfe9860a715f8336e1" },
    { file = "pydantic-1.10.2-cp38-cp38-musllinux_1_1_i686.whl", hash = "sha256:1ee433e274268a4b0c8fde7ad9d58ecba12b069a033ecc4645bb6303c062d2e9" },
    { file = "pydantic-1.10.2-cp38-cp38-musllinux_1_1_x86_64.whl", hash = "sha256:7c2abc4393dea97a4ccbb4ec7d8658d4e22c4765b7b9b9445588f16c71ad9965" },
    { file = "pydantic-1.10.2-cp38-cp38-win_amd64.whl", hash = "sha256:0b959f4d8211fc964772b595ebb25f7652da3f22322c007b6fed26846a40685e" },
    { file = "pydantic-1.10.2-cp39-cp39-macosx_10_9_x86_64.whl", hash = "sha256:c33602f93bfb67779f9c507e4d69451664524389546bacfe1bee13cae6dc7488" },
    { file = "pydantic-1.10.2-cp39-cp39-macosx_11_0_arm64.whl", hash = "sha256:5760e164b807a48a8f25f8aa1a6d857e6ce62e7ec83ea5d5c5a802eac81bad41" },
    { file = "pydantic-1.10.2-cp39-cp39-manylinux_2_17_x86_64.manylinux2014_x86_64.whl", hash = "sha256:6eb843dcc411b6a2237a694f5e1d649fc66c6064d02b204a7e9d194dff81eb4b" },
    { file = "pydantic-1.10.2-cp39-cp39-manylinux_2_5_i686.manylinux1_i686.manylinux_2_17_i686.manylinux2014_i686.whl", hash = "sha256:4b8795290deaae348c4eba0cebb196e1c6b98bdbe7f50b2d0d9a4a99716342fe" },
    { file = "pydantic-1.10.2-cp39-cp39-musllinux_1_1_i686.whl", hash = "sha256:e0bedafe4bc165ad0a56ac0bd7695df25c50f76961da29c050712596cf092d6d" },
    { file = "pydantic-1.10.2-cp39-cp39-musllinux_1_1_x86_64.whl", hash = "sha256:2e05aed07fa02231dbf03d0adb1be1d79cabb09025dd45aa094aa8b4e7b9dcda" },
    { file = "pydantic-1.10.2-cp39-cp39-win_amd64.whl", hash = "sha256:c1ba1afb396148bbc70e9eaa8c06c1716fdddabaf86e7027c5988bae2a829ab6" },
    { file = "pydantic-1.10.2-py3-none-any.whl", hash = "sha256:1b6ee725bd6e83ec78b1aa32c5b1fa67a3a65badddde3976bca5fe4568f27709" },
    { file = "pydantic-1.10.2.tar.gz", hash = "sha256:91b8e218852ef6007c2b98cd861601c6a09f1aa32bbbb74fab5b1c33d4a1e410" },
]

[package.dependencies]
typing-extensions = ">=4.1.0"

[package.extras]
dotenv = ["python-dotenv (>=0.10.4)"]
email = ["email-validator (>=1.0.3)"]

[[package]]
name = "python-dotenv"
version = "1.0.1"
description = "Read key-value pairs from a .env file and set them as environment variables"
optional = false
python-versions = ">=3.8"
files = [
    { file = "python-dotenv-1.0.1.tar.gz", hash = "sha256:e324ee90a023d808f1959c46bcbc04446a10ced277783dc6ee09987c37ec10ca" },
    { file = "python_dotenv-1.0.1-py3-none-any.whl", hash = "sha256:f7b63ef50f1b690dddf550d03497b66d609393b40b564ed0d674909a68ebf16a" },
]

[package.extras]
cli = ["click (>=5.0)"]

[[package]]
name = "redis"
version = "5.0.4"
description = "Python client for Redis database and key-value store"
optional = false
python-versions = ">=3.7"
files = [
    { file = "redis-5.0.4-py3-none-any.whl", hash = "sha256:7adc2835c7a9b5033b7ad8f8918d09b7344188228809c98df07af226d39dec91" },
    { file = "redis-5.0.4.tar.gz", hash = "sha256:ec31f2ed9675cc54c21ba854cfe0462e6faf1d83c8ce5944709db8a4700b9c61" },
]

[package.dependencies]
async-timeout = { version = ">=4.0.3", markers = "python_full_version < \"3.11.3\"" }

[package.extras]
hiredis = ["hiredis (>=1.0.0)"]
ocsp = ["cryptography (>=36.0.1)", "pyopenssl (==20.0.1)", "requests (>=2.26.0)"]

[[package]]
name = "typing-extensions"
version = "4.12.2"
description = "Backported and Experimental Type Hints for Python 3.8+"
optional = false
python-versions = ">=3.8"
files = [
    { file = "typing_extensions-4.12.2-py3-none-any.whl", hash = "sha256:04e5ca0351e0f3f85c6853954072df659d0d13fac324d0072316b67d7794700d" },
    { file = "typing_extensions-4.12.2.tar.gz", hash = "sha256:1a7ead55c7e559dd4dee8856e3a88b41225abfe1ce8df57b7c13915fe121ffb8" },
]

[[package]]
name = "tzdata"
version = "2024.1"
description = "Provider of IANA time zone data"
optional = false
python-versions = ">=2"
files = [
    { file = "tzdata-2024.1-py2.py3-none-any.whl", hash = "sha256:9068bc196136463f5245e51efda838afa15aaeca9903f49050dfa2679db4d252" },
    { file = "tzdata-2024.1.tar.gz", hash = "sha256:2674120f8d891909751c38abcdfd386ac0a5a1127954fbc332af6b5ceae07efd" },
]

[[package]]
name = "urllib3"
version = "2.2.2"
description = "HTTP library with thread-safe connection pooling, file post, and more."
optional = false
python-versions = ">=3.8"
files = [
    { file = "urllib3-2.2.2-py3-none-any.whl", hash = "sha256:a448b2f64d686155468037e1ace9f2d2199776e17f0a46610480d311f73e3472" },
    { file = "urllib3-2.2.2.tar.gz", hash = "sha256:dd505485549a7a552833da5e6063639d0d177c04f23bc3864e41e5dc5f612168" },
]

[package.extras]
brotli = ["brotli (>=1.0.9)", "brotlicffi (>=0.8.0)"]
h2 = ["h2 (>=4,<5)"]
socks = ["pysocks (>=1.5.6,!=1.5.7,<2.0)"]
zstd = ["zstandard (>=0.18.0)"]

[metadata]
lock-version = "2.0"
python-versions = "^3.10.12"
content-hash = "507cb5e0dcee18e838529729025d19496ec74c9f3d338ea36f56f25eca08ca88"
