# This file is automatically @generated by Poetry 1.8.2 and should not be changed by hand.

[[package]]
name = "ecdsa"
version = "0.19.0"
description = "ECDSA cryptographic signature library (pure python)"
optional = false
python-versions = "!=3.0.*,!=3.1.*,!=3.2.*,!=3.3.*,!=3.4.*,>=2.6"
files = [
    { file = "ecdsa-0.19.0-py2.py3-none-any.whl", hash = "sha256:2cea9b88407fdac7bbeca0833b189e4c9c53f2ef1e1eaa29f6224dbc809b707a" },
    { file = "ecdsa-0.19.0.tar.gz", hash = "sha256:60eaad1199659900dd0af521ed462b793bbdf867432b3948e87416ae4caf6bf8" },
]

[package.dependencies]
six = ">=1.9.0"

[package.extras]
gmpy = ["gmpy"]
gmpy2 = ["gmpy2"]

[[package]]
name = "pyasn1"
version = "0.6.0"
description = "Pure-Python implementation of ASN.1 types and DER/BER/CER codecs (X.208)"
optional = false
python-versions = ">=3.8"
files = [
    { file = "pyasn1-0.6.0-py2.py3-none-any.whl", hash = "sha256:cca4bb0f2df5504f02f6f8a775b6e416ff9b0b3b16f7ee80b5a3153d9b804473" },
    { file = "pyasn1-0.6.0.tar.gz", hash = "sha256:3a35ab2c4b5ef98e17dfdec8ab074046fbda76e281c5a706ccd82328cfc8f64c" },
]

[[package]]
name = "python-jose"
version = "3.3.0"
description = "JOSE implementation in Python"
optional = false
python-versions = "*"
files = [
    { file = "python-jose-3.3.0.tar.gz", hash = "sha256:55779b5e6ad599c6336191246e95eb2293a9ddebd555f796a65f838f07e5d78a" },
    { file = "python_jose-3.3.0-py2.py3-none-any.whl", hash = "sha256:9b1376b023f8b298536eedd47ae1089bcdb848f1535ab30555cd92002d78923a" },
]

[package.dependencies]
ecdsa = "!=0.15"
pyasn1 = "*"
rsa = "*"

[package.extras]
cryptography = ["cryptography (>=3.4.0)"]
pycrypto = ["pyasn1", "pycrypto (>=2.6.0,<2.7.0)"]
pycryptodome = ["pyasn1", "pycryptodome (>=3.3.1,<4.0.0)"]

[[package]]
name = "rsa"
version = "4.9"
description = "Pure-Python RSA implementation"
optional = false
python-versions = ">=3.6,<4"
files = [
    { file = "rsa-4.9-py3-none-any.whl", hash = "sha256:90260d9058e514786967344d0ef75fa8727eed8a7d2e43ce9f4bcf1b536174f7" },
    { file = "rsa-4.9.tar.gz", hash = "sha256:e38464a49c6c85d7f1351b0126661487a7e0a14a50f1675ec50eb34d4f20ef21" },
]

[package.dependencies]
pyasn1 = ">=0.1.3"

[[package]]
name = "six"
version = "1.16.0"
description = "Python 2 and 3 compatibility utilities"
optional = false
python-versions = ">=2.7, !=3.0.*, !=3.1.*, !=3.2.*"
files = [
    { file = "six-1.16.0-py2.py3-none-any.whl", hash = "sha256:8abb2f1d86890a2dfb989f9a77cfcfd3e47c2a354b01111771326f8aa26e0254" },
    { file = "six-1.16.0.tar.gz", hash = "sha256:1e61c37477a1626458e36f7b1d82aa5c9b094fa4802892072e49de9c60c4c926" },
]

[metadata]
lock-version = "2.0"
python-versions = "^3.12"
content-hash = "39b93e65a4eeadefd1174a4ab0df6b4e24875e61f358a83660ff1016ffef6267"
